
Microsoft Visual Studio Solution File, Format Version 12.00
# Visual Studio Version 17
VisualStudioVersion = 17.9.34902.65
MinimumVisualStudioVersion = 10.0.40219.1
Project("{FAE04EC0-301F-11D3-BF4B-00C04F79EFBC}") = "ProductManagementWEB", "ProductManagementWEB\ProductManagementWEB.csproj", "{850B335E-62FD-4616-BFFF-162E4A64CEED}"
EndProject
Global
	GlobalSection(SolutionConfigurationPlatforms) = preSolution
		Debug|Any CPU = Debug|Any CPU
		Release|Any CPU = Release|Any CPU
	EndGlobalSection
	GlobalSection(ProjectConfigurationPlatforms) = postSolution
		{850B335E-62FD-4616-BFFF-162E4A64CEED}.Debug|Any CPU.ActiveCfg = Debug|Any CPU
		{850B335E-62FD-4616-BFFF-162E4A64CEED}.Debug|Any CPU.Build.0 = Debug|Any CPU
		{850B335E-62FD-4616-BFFF-162E4A64CEED}.Release|Any CPU.ActiveCfg = Release|Any CPU
		{850B335E-62FD-4616-BFFF-162E4A64CEED}.Release|Any CPU.Build.0 = Release|Any CPU
	EndGlobalSection
	GlobalSection(SolutionProperties) = preSolution
		HideSolutionNode = FALSE
	EndGlobalSection
	GlobalSection(ExtensibilityGlobals) = postSolution
		SolutionGuid = {FC118B4F-F335-4A00-9F91-07F970F4B7E9}
	EndGlobalSection
EndGlobal
